{
    "name": "dottype.hosting",
    "version": "0.0.1",
    "lockfileVersion": 1,
    "requires": true,
    "dependencies": {
        "dottype": {
            "version": "0.0.12",
            "resolved": "https://registry.npmjs.org/dottype/-/dottype-0.0.12.tgz",
            "integrity": "sha512-GJasl2OptN/b/bwuJ+dKBvlv2ScMwennTAffe+o1/ZyeUVJriecD6PlBCjv/DZm26Q8lgI7NswFSgekpsQHLMg=="
        },
        "dottype.utils": {
            "version": "0.0.1",
            "resolved": "https://registry.npmjs.org/dottype.utils/-/dottype.utils-0.0.1.tgz",
            "integrity": "sha512-UFKeDfJI+83lTou6D2Jh2oJQ9Wm8mOfmzqO5yBfl1FiJTaKyY9CEpaHklJoTujrSdBOvKFey7Q7zteeewUwUaQ==",
            "requires": {
                "dottype": "0.0.12"
            }
        }
    }
}
